
Microsoft Visual Studio Solution File, Format Version 12.00
# Visual Studio Version 16
VisualStudioVersion = 16.0.31624.102
MinimumVisualStudioVersion = 10.0.40219.1
Project("{9A19103F-16F7-4668-BE54-9A1E7A4F7556}") = "task01", "task01.csproj", "{23EA5FAB-2B9C-452A-B632-913FB5D36AE5}"
EndProject
Project("{FAE04EC0-301F-11D3-BF4B-00C04F79EFBC}") = "task02_", "..\task02_\task02_.csproj", "{13D7AAB1-CFD3-4984-BC5A-78E2953D552D}"
EndProject
Project("{FAE04EC0-301F-11D3-BF4B-00C04F79EFBC}") = "task03", "..\task03\task03.csproj", "{282D57D1-B429-4103-BC47-CC28047E8929}"
EndProject
Project("{FAE04EC0-301F-11D3-BF4B-00C04F79EFBC}") = "Task04", "..\Task04\Task04.csproj", "{51F8F6D2-97EA-4156-A7B7-F9E7FF8B075E}"
EndProject
Project("{FAE04EC0-301F-11D3-BF4B-00C04F79EFBC}") = "Task05", "..\Task05\Task05.csproj", "{4C308B13-19A1-400F-823B-D98F61D8FA89}"
EndProject
Project("{FAE04EC0-301F-11D3-BF4B-00C04F79EFBC}") = "Task06", "..\Task06\Task06.csproj", "{8A036C86-EF09-4C33-AC20-3AC4816CE15E}"
EndProject
Project("{FAE04EC0-301F-11D3-BF4B-00C04F79EFBC}") = "Task07", "..\Task07\Task07.csproj", "{0E84F6FB-97A6-4013-B78B-A97FE6700C58}"
EndProject
Project("{FAE04EC0-301F-11D3-BF4B-00C04F79EFBC}") = "Task08", "..\Task08\Task08.csproj", "{8850E8A6-3CB3-475D-801D-4D74BA5A90DF}"
EndProject
Project("{FAE04EC0-301F-11D3-BF4B-00C04F79EFBC}") = "Task09", "..\Task09\Task09.csproj", "{F053A0E4-4152-4863-936F-E96C9B5FFC27}"
EndProject
Project("{FAE04EC0-301F-11D3-BF4B-00C04F79EFBC}") = "Task10", "..\Task10\Task10.csproj", "{290E87DA-1530-41E1-8789-3E7C5FAEAE62}"
EndProject
Project("{FAE04EC0-301F-11D3-BF4B-00C04F79EFBC}") = "Task11", "..\Task11\Task11.csproj", "{4D7E4C8B-4DE6-4314-8327-D2C804188638}"
EndProject
Project("{FAE04EC0-301F-11D3-BF4B-00C04F79EFBC}") = "Task12", "..\Task12\Task12.csproj", "{47BCBC07-402E-407D-B4FC-1CCEA20D2149}"
EndProject
Project("{FAE04EC0-301F-11D3-BF4B-00C04F79EFBC}") = "Task13", "..\Task13\Task13.csproj", "{678EA4B4-AF9B-44CB-81B0-29D7FDB816D3}"
EndProject
Project("{FAE04EC0-301F-11D3-BF4B-00C04F79EFBC}") = "Task14", "..\Task14\Task14.csproj", "{F5EDC7B8-3EDD-4991-8636-1196DDF8703F}"
EndProject
Project("{FAE04EC0-301F-11D3-BF4B-00C04F79EFBC}") = "Task15", "..\Task15\Task15.csproj", "{32320360-ECF5-46BE-96AA-2E838460ED4E}"
EndProject
Project("{FAE04EC0-301F-11D3-BF4B-00C04F79EFBC}") = "Task16", "..\Task16\Task16.csproj", "{4F9DD283-513D-4A63-8B5A-3119838608AE}"
EndProject
Global
	GlobalSection(SolutionConfigurationPlatforms) = preSolution
		Debug|Any CPU = Debug|Any CPU
		Release|Any CPU = Release|Any CPU
	EndGlobalSection
	GlobalSection(ProjectConfigurationPlatforms) = postSolution
		{23EA5FAB-2B9C-452A-B632-913FB5D36AE5}.Debug|Any CPU.ActiveCfg = Debug|Any CPU
		{23EA5FAB-2B9C-452A-B632-913FB5D36AE5}.Debug|Any CPU.Build.0 = Debug|Any CPU
		{23EA5FAB-2B9C-452A-B632-913FB5D36AE5}.Release|Any CPU.ActiveCfg = Release|Any CPU
		{23EA5FAB-2B9C-452A-B632-913FB5D36AE5}.Release|Any CPU.Build.0 = Release|Any CPU
		{13D7AAB1-CFD3-4984-BC5A-78E2953D552D}.Debug|Any CPU.ActiveCfg = Debug|Any CPU
		{13D7AAB1-CFD3-4984-BC5A-78E2953D552D}.Debug|Any CPU.Build.0 = Debug|Any CPU
		{13D7AAB1-CFD3-4984-BC5A-78E2953D552D}.Release|Any CPU.ActiveCfg = Release|Any CPU
		{13D7AAB1-CFD3-4984-BC5A-78E2953D552D}.Release|Any CPU.Build.0 = Release|Any CPU
		{282D57D1-B429-4103-BC47-CC28047E8929}.Debug|Any CPU.ActiveCfg = Debug|Any CPU
		{282D57D1-B429-4103-BC47-CC28047E8929}.Debug|Any CPU.Build.0 = Debug|Any CPU
		{282D57D1-B429-4103-BC47-CC28047E8929}.Release|Any CPU.ActiveCfg = Release|Any CPU
		{282D57D1-B429-4103-BC47-CC28047E8929}.Release|Any CPU.Build.0 = Release|Any CPU
		{51F8F6D2-97EA-4156-A7B7-F9E7FF8B075E}.Debug|Any CPU.ActiveCfg = Debug|Any CPU
		{51F8F6D2-97EA-4156-A7B7-F9E7FF8B075E}.Debug|Any CPU.Build.0 = Debug|Any CPU
		{51F8F6D2-97EA-4156-A7B7-F9E7FF8B075E}.Release|Any CPU.ActiveCfg = Release|Any CPU
		{51F8F6D2-97EA-4156-A7B7-F9E7FF8B075E}.Release|Any CPU.Build.0 = Release|Any CPU
		{4C308B13-19A1-400F-823B-D98F61D8FA89}.Debug|Any CPU.ActiveCfg = Debug|Any CPU
		{4C308B13-19A1-400F-823B-D98F61D8FA89}.Debug|Any CPU.Build.0 = Debug|Any CPU
		{4C308B13-19A1-400F-823B-D98F61D8FA89}.Release|Any CPU.ActiveCfg = Release|Any CPU
		{4C308B13-19A1-400F-823B-D98F61D8FA89}.Release|Any CPU.Build.0 = Release|Any CPU
		{8A036C86-EF09-4C33-AC20-3AC4816CE15E}.Debug|Any CPU.ActiveCfg = Debug|Any CPU
		{8A036C86-EF09-4C33-AC20-3AC4816CE15E}.Debug|Any CPU.Build.0 = Debug|Any CPU
		{8A036C86-EF09-4C33-AC20-3AC4816CE15E}.Release|Any CPU.ActiveCfg = Release|Any CPU
		{8A036C86-EF09-4C33-AC20-3AC4816CE15E}.Release|Any CPU.Build.0 = Release|Any CPU
		{0E84F6FB-97A6-4013-B78B-A97FE6700C58}.Debug|Any CPU.ActiveCfg = Debug|Any CPU
		{0E84F6FB-97A6-4013-B78B-A97FE6700C58}.Debug|Any CPU.Build.0 = Debug|Any CPU
		{0E84F6FB-97A6-4013-B78B-A97FE6700C58}.Release|Any CPU.ActiveCfg = Release|Any CPU
		{0E84F6FB-97A6-4013-B78B-A97FE6700C58}.Release|Any CPU.Build.0 = Release|Any CPU
		{8850E8A6-3CB3-475D-801D-4D74BA5A90DF}.Debug|Any CPU.ActiveCfg = Debug|Any CPU
		{8850E8A6-3CB3-475D-801D-4D74BA5A90DF}.Debug|Any CPU.Build.0 = Debug|Any CPU
		{8850E8A6-3CB3-475D-801D-4D74BA5A90DF}.Release|Any CPU.ActiveCfg = Release|Any CPU
		{8850E8A6-3CB3-475D-801D-4D74BA5A90DF}.Release|Any CPU.Build.0 = Release|Any CPU
		{F053A0E4-4152-4863-936F-E96C9B5FFC27}.Debug|Any CPU.ActiveCfg = Debug|Any CPU
		{F053A0E4-4152-4863-936F-E96C9B5FFC27}.Debug|Any CPU.Build.0 = Debug|Any CPU
		{F053A0E4-4152-4863-936F-E96C9B5FFC27}.Release|Any CPU.ActiveCfg = Release|Any CPU
		{F053A0E4-4152-4863-936F-E96C9B5FFC27}.Release|Any CPU.Build.0 = Release|Any CPU
		{290E87DA-1530-41E1-8789-3E7C5FAEAE62}.Debug|Any CPU.ActiveCfg = Debug|Any CPU
		{290E87DA-1530-41E1-8789-3E7C5FAEAE62}.Debug|Any CPU.Build.0 = Debug|Any CPU
		{290E87DA-1530-41E1-8789-3E7C5FAEAE62}.Release|Any CPU.ActiveCfg = Release|Any CPU
		{290E87DA-1530-41E1-8789-3E7C5FAEAE62}.Release|Any CPU.Build.0 = Release|Any CPU
		{4D7E4C8B-4DE6-4314-8327-D2C804188638}.Debug|Any CPU.ActiveCfg = Debug|Any CPU
		{4D7E4C8B-4DE6-4314-8327-D2C804188638}.Debug|Any CPU.Build.0 = Debug|Any CPU
		{4D7E4C8B-4DE6-4314-8327-D2C804188638}.Release|Any CPU.ActiveCfg = Release|Any CPU
		{4D7E4C8B-4DE6-4314-8327-D2C804188638}.Release|Any CPU.Build.0 = Release|Any CPU
		{47BCBC07-402E-407D-B4FC-1CCEA20D2149}.Debug|Any CPU.ActiveCfg = Debug|Any CPU
		{47BCBC07-402E-407D-B4FC-1CCEA20D2149}.Debug|Any CPU.Build.0 = Debug|Any CPU
		{47BCBC07-402E-407D-B4FC-1CCEA20D2149}.Release|Any CPU.ActiveCfg = Release|Any CPU
		{47BCBC07-402E-407D-B4FC-1CCEA20D2149}.Release|Any CPU.Build.0 = Release|Any CPU
		{678EA4B4-AF9B-44CB-81B0-29D7FDB816D3}.Debug|Any CPU.ActiveCfg = Debug|Any CPU
		{678EA4B4-AF9B-44CB-81B0-29D7FDB816D3}.Debug|Any CPU.Build.0 = Debug|Any CPU
		{678EA4B4-AF9B-44CB-81B0-29D7FDB816D3}.Release|Any CPU.ActiveCfg = Release|Any CPU
		{678EA4B4-AF9B-44CB-81B0-29D7FDB816D3}.Release|Any CPU.Build.0 = Release|Any CPU
		{F5EDC7B8-3EDD-4991-8636-1196DDF8703F}.Debug|Any CPU.ActiveCfg = Debug|Any CPU
		{F5EDC7B8-3EDD-4991-8636-1196DDF8703F}.Debug|Any CPU.Build.0 = Debug|Any CPU
		{F5EDC7B8-3EDD-4991-8636-1196DDF8703F}.Release|Any CPU.ActiveCfg = Release|Any CPU
		{F5EDC7B8-3EDD-4991-8636-1196DDF8703F}.Release|Any CPU.Build.0 = Release|Any CPU
		{32320360-ECF5-46BE-96AA-2E838460ED4E}.Debug|Any CPU.ActiveCfg = Debug|Any CPU
		{32320360-ECF5-46BE-96AA-2E838460ED4E}.Debug|Any CPU.Build.0 = Debug|Any CPU
		{32320360-ECF5-46BE-96AA-2E838460ED4E}.Release|Any CPU.ActiveCfg = Release|Any CPU
		{32320360-ECF5-46BE-96AA-2E838460ED4E}.Release|Any CPU.Build.0 = Release|Any CPU
		{4F9DD283-513D-4A63-8B5A-3119838608AE}.Debug|Any CPU.ActiveCfg = Debug|Any CPU
		{4F9DD283-513D-4A63-8B5A-3119838608AE}.Debug|Any CPU.Build.0 = Debug|Any CPU
		{4F9DD283-513D-4A63-8B5A-3119838608AE}.Release|Any CPU.ActiveCfg = Release|Any CPU
		{4F9DD283-513D-4A63-8B5A-3119838608AE}.Release|Any CPU.Build.0 = Release|Any CPU
	EndGlobalSection
	GlobalSection(SolutionProperties) = preSolution
		HideSolutionNode = FALSE
	EndGlobalSection
	GlobalSection(ExtensibilityGlobals) = postSolution
		SolutionGuid = {F58FC6AB-E48D-42CA-BD67-D214D457A8DE}
	EndGlobalSection
EndGlobal
