
Microsoft Visual Studio Solution File, Format Version 12.00
# Visual Studio Version 16
VisualStudioVersion = 16.0.31624.102
MinimumVisualStudioVersion = 10.0.40219.1
Project("{9A19103F-16F7-4668-BE54-9A1E7A4F7556}") = "task02_", "task02_\task02_.csproj", "{3BF88CAE-4C58-4E3F-A300-899DE0CA5E67}"
EndProject
Project("{9A19103F-16F7-4668-BE54-9A1E7A4F7556}") = "task03", "task03\task03.csproj", "{201A610F-04C4-4897-B738-A73AE0342DF4}"
EndProject
Project("{9A19103F-16F7-4668-BE54-9A1E7A4F7556}") = "Task04", "Task04\Task04.csproj", "{5A68BBE7-8681-423C-ABBD-6D410548E0A0}"
EndProject
Project("{9A19103F-16F7-4668-BE54-9A1E7A4F7556}") = "Task05", "Task05\Task05.csproj", "{6BA59321-590E-4030-ABC5-D06F23D98D84}"
EndProject
Project("{9A19103F-16F7-4668-BE54-9A1E7A4F7556}") = "Task06", "Task06\Task06.csproj", "{E6231995-2A34-490D-8DED-57F415506250}"
EndProject
Project("{9A19103F-16F7-4668-BE54-9A1E7A4F7556}") = "Task07", "Task07\Task07.csproj", "{0740EDB6-B9C2-47D5-BCA0-3BC11349CC82}"
EndProject
Project("{9A19103F-16F7-4668-BE54-9A1E7A4F7556}") = "Task08", "Task08\Task08.csproj", "{CC6BF356-BD01-4428-AC3E-AD38EFA32A52}"
EndProject
Project("{9A19103F-16F7-4668-BE54-9A1E7A4F7556}") = "Task09", "Task09\Task09.csproj", "{55D9BA63-9592-419A-AFCF-8DABA29921D4}"
EndProject
Project("{9A19103F-16F7-4668-BE54-9A1E7A4F7556}") = "Task10", "Task10\Task10.csproj", "{F171B511-AF76-49A2-97AC-7EAE4A97FDB4}"
EndProject
Project("{9A19103F-16F7-4668-BE54-9A1E7A4F7556}") = "Task11", "Task11\Task11.csproj", "{0FD79CD9-8E59-4C99-B1D3-7E27A28367A5}"
EndProject
Project("{9A19103F-16F7-4668-BE54-9A1E7A4F7556}") = "Task12", "Task12\Task12.csproj", "{82A79EE9-90F9-4CA5-BBC0-E0EBBC699E58}"
EndProject
Project("{9A19103F-16F7-4668-BE54-9A1E7A4F7556}") = "Task13", "Task13\Task13.csproj", "{7EF7FCBF-8FCC-4ABC-9E9F-2B6D415B81DD}"
EndProject
Project("{9A19103F-16F7-4668-BE54-9A1E7A4F7556}") = "Task14", "Task14\Task14.csproj", "{EB01480B-D993-4376-9FE8-FCCFAA326B8A}"
EndProject
Project("{9A19103F-16F7-4668-BE54-9A1E7A4F7556}") = "Task15", "Task15\Task15.csproj", "{C589FE28-9BD2-47BF-974D-261EB5D6390A}"
EndProject
Project("{9A19103F-16F7-4668-BE54-9A1E7A4F7556}") = "Task16", "Task16\Task16.csproj", "{633F0FCE-7223-41B1-BB18-E0B5BECDDAF5}"
EndProject
Global
	GlobalSection(SolutionConfigurationPlatforms) = preSolution
		Debug|Any CPU = Debug|Any CPU
		Release|Any CPU = Release|Any CPU
	EndGlobalSection
	GlobalSection(ProjectConfigurationPlatforms) = postSolution
		{3BF88CAE-4C58-4E3F-A300-899DE0CA5E67}.Debug|Any CPU.ActiveCfg = Debug|Any CPU
		{3BF88CAE-4C58-4E3F-A300-899DE0CA5E67}.Debug|Any CPU.Build.0 = Debug|Any CPU
		{3BF88CAE-4C58-4E3F-A300-899DE0CA5E67}.Release|Any CPU.ActiveCfg = Release|Any CPU
		{3BF88CAE-4C58-4E3F-A300-899DE0CA5E67}.Release|Any CPU.Build.0 = Release|Any CPU
		{201A610F-04C4-4897-B738-A73AE0342DF4}.Debug|Any CPU.ActiveCfg = Debug|Any CPU
		{201A610F-04C4-4897-B738-A73AE0342DF4}.Debug|Any CPU.Build.0 = Debug|Any CPU
		{201A610F-04C4-4897-B738-A73AE0342DF4}.Release|Any CPU.ActiveCfg = Release|Any CPU
		{201A610F-04C4-4897-B738-A73AE0342DF4}.Release|Any CPU.Build.0 = Release|Any CPU
		{5A68BBE7-8681-423C-ABBD-6D410548E0A0}.Debug|Any CPU.ActiveCfg = Debug|Any CPU
		{5A68BBE7-8681-423C-ABBD-6D410548E0A0}.Debug|Any CPU.Build.0 = Debug|Any CPU
		{5A68BBE7-8681-423C-ABBD-6D410548E0A0}.Release|Any CPU.ActiveCfg = Release|Any CPU
		{5A68BBE7-8681-423C-ABBD-6D410548E0A0}.Release|Any CPU.Build.0 = Release|Any CPU
		{6BA59321-590E-4030-ABC5-D06F23D98D84}.Debug|Any CPU.ActiveCfg = Debug|Any CPU
		{6BA59321-590E-4030-ABC5-D06F23D98D84}.Debug|Any CPU.Build.0 = Debug|Any CPU
		{6BA59321-590E-4030-ABC5-D06F23D98D84}.Release|Any CPU.ActiveCfg = Release|Any CPU
		{6BA59321-590E-4030-ABC5-D06F23D98D84}.Release|Any CPU.Build.0 = Release|Any CPU
		{E6231995-2A34-490D-8DED-57F415506250}.Debug|Any CPU.ActiveCfg = Debug|Any CPU
		{E6231995-2A34-490D-8DED-57F415506250}.Debug|Any CPU.Build.0 = Debug|Any CPU
		{E6231995-2A34-490D-8DED-57F415506250}.Release|Any CPU.ActiveCfg = Release|Any CPU
		{E6231995-2A34-490D-8DED-57F415506250}.Release|Any CPU.Build.0 = Release|Any CPU
		{0740EDB6-B9C2-47D5-BCA0-3BC11349CC82}.Debug|Any CPU.ActiveCfg = Debug|Any CPU
		{0740EDB6-B9C2-47D5-BCA0-3BC11349CC82}.Debug|Any CPU.Build.0 = Debug|Any CPU
		{0740EDB6-B9C2-47D5-BCA0-3BC11349CC82}.Release|Any CPU.ActiveCfg = Release|Any CPU
		{0740EDB6-B9C2-47D5-BCA0-3BC11349CC82}.Release|Any CPU.Build.0 = Release|Any CPU
		{CC6BF356-BD01-4428-AC3E-AD38EFA32A52}.Debug|Any CPU.ActiveCfg = Debug|Any CPU
		{CC6BF356-BD01-4428-AC3E-AD38EFA32A52}.Debug|Any CPU.Build.0 = Debug|Any CPU
		{CC6BF356-BD01-4428-AC3E-AD38EFA32A52}.Release|Any CPU.ActiveCfg = Release|Any CPU
		{CC6BF356-BD01-4428-AC3E-AD38EFA32A52}.Release|Any CPU.Build.0 = Release|Any CPU
		{55D9BA63-9592-419A-AFCF-8DABA29921D4}.Debug|Any CPU.ActiveCfg = Debug|Any CPU
		{55D9BA63-9592-419A-AFCF-8DABA29921D4}.Debug|Any CPU.Build.0 = Debug|Any CPU
		{55D9BA63-9592-419A-AFCF-8DABA29921D4}.Release|Any CPU.ActiveCfg = Release|Any CPU
		{55D9BA63-9592-419A-AFCF-8DABA29921D4}.Release|Any CPU.Build.0 = Release|Any CPU
		{F171B511-AF76-49A2-97AC-7EAE4A97FDB4}.Debug|Any CPU.ActiveCfg = Debug|Any CPU
		{F171B511-AF76-49A2-97AC-7EAE4A97FDB4}.Debug|Any CPU.Build.0 = Debug|Any CPU
		{F171B511-AF76-49A2-97AC-7EAE4A97FDB4}.Release|Any CPU.ActiveCfg = Release|Any CPU
		{F171B511-AF76-49A2-97AC-7EAE4A97FDB4}.Release|Any CPU.Build.0 = Release|Any CPU
		{0FD79CD9-8E59-4C99-B1D3-7E27A28367A5}.Debug|Any CPU.ActiveCfg = Debug|Any CPU
		{0FD79CD9-8E59-4C99-B1D3-7E27A28367A5}.Debug|Any CPU.Build.0 = Debug|Any CPU
		{0FD79CD9-8E59-4C99-B1D3-7E27A28367A5}.Release|Any CPU.ActiveCfg = Release|Any CPU
		{0FD79CD9-8E59-4C99-B1D3-7E27A28367A5}.Release|Any CPU.Build.0 = Release|Any CPU
		{82A79EE9-90F9-4CA5-BBC0-E0EBBC699E58}.Debug|Any CPU.ActiveCfg = Debug|Any CPU
		{82A79EE9-90F9-4CA5-BBC0-E0EBBC699E58}.Debug|Any CPU.Build.0 = Debug|Any CPU
		{82A79EE9-90F9-4CA5-BBC0-E0EBBC699E58}.Release|Any CPU.ActiveCfg = Release|Any CPU
		{82A79EE9-90F9-4CA5-BBC0-E0EBBC699E58}.Release|Any CPU.Build.0 = Release|Any CPU
		{7EF7FCBF-8FCC-4ABC-9E9F-2B6D415B81DD}.Debug|Any CPU.ActiveCfg = Debug|Any CPU
		{7EF7FCBF-8FCC-4ABC-9E9F-2B6D415B81DD}.Debug|Any CPU.Build.0 = Debug|Any CPU
		{7EF7FCBF-8FCC-4ABC-9E9F-2B6D415B81DD}.Release|Any CPU.ActiveCfg = Release|Any CPU
		{7EF7FCBF-8FCC-4ABC-9E9F-2B6D415B81DD}.Release|Any CPU.Build.0 = Release|Any CPU
		{EB01480B-D993-4376-9FE8-FCCFAA326B8A}.Debug|Any CPU.ActiveCfg = Debug|Any CPU
		{EB01480B-D993-4376-9FE8-FCCFAA326B8A}.Debug|Any CPU.Build.0 = Debug|Any CPU
		{EB01480B-D993-4376-9FE8-FCCFAA326B8A}.Release|Any CPU.ActiveCfg = Release|Any CPU
		{EB01480B-D993-4376-9FE8-FCCFAA326B8A}.Release|Any CPU.Build.0 = Release|Any CPU
		{C589FE28-9BD2-47BF-974D-261EB5D6390A}.Debug|Any CPU.ActiveCfg = Debug|Any CPU
		{C589FE28-9BD2-47BF-974D-261EB5D6390A}.Debug|Any CPU.Build.0 = Debug|Any CPU
		{C589FE28-9BD2-47BF-974D-261EB5D6390A}.Release|Any CPU.ActiveCfg = Release|Any CPU
		{C589FE28-9BD2-47BF-974D-261EB5D6390A}.Release|Any CPU.Build.0 = Release|Any CPU
		{633F0FCE-7223-41B1-BB18-E0B5BECDDAF5}.Debug|Any CPU.ActiveCfg = Debug|Any CPU
		{633F0FCE-7223-41B1-BB18-E0B5BECDDAF5}.Debug|Any CPU.Build.0 = Debug|Any CPU
		{633F0FCE-7223-41B1-BB18-E0B5BECDDAF5}.Release|Any CPU.ActiveCfg = Release|Any CPU
		{633F0FCE-7223-41B1-BB18-E0B5BECDDAF5}.Release|Any CPU.Build.0 = Release|Any CPU
	EndGlobalSection
	GlobalSection(SolutionProperties) = preSolution
		HideSolutionNode = FALSE
	EndGlobalSection
	GlobalSection(ExtensibilityGlobals) = postSolution
		SolutionGuid = {13607FBA-7C86-44CC-B250-D208CBCAA9EC}
	EndGlobalSection
EndGlobal
